{
  "nodes": {
    "nixpkgs": {
      "locked": {
        "lastModified": 1707863367,
        "narHash": "sha256-LdBbCSSP7VHaHA4KXcPGKqkvsowT2+7W4jlEHJj6rPg=",
        "rev": "35ff7e87ee05199a8003f438ec11a174bcbd98ea",
        "revCount": 584069,
        "type": "tarball",
        "url": "https://api.flakehub.com/f/pinned/NixOS/nixpkgs/0.1.584069%2Brev-35ff7e87ee05199a8003f438ec11a174bcbd98ea/018daa74-c884-7760-961d-76b0cfbbb58a/source.tar.gz"
      },
      "original": {
        "type": "tarball",
        "url": "https://flakehub.com/f/NixOS/nixpkgs/0.1.%2A.tar.gz"
      }
    },
    "root": {
      "inputs": {
        "nixpkgs": "nixpkgs"
      }
    }
  },
  "root": "root",
  "version": 7
}
